
Microsoft Visual Studio Solution File, Format Version 12.00
# Visual Studio Version 17
VisualStudioVersion = 17.3.32929.385
MinimumVisualStudioVersion = 10.0.40219.1
Project("{FAE04EC0-301F-11D3-BF4B-00C04F79EFBC}") = "Cadar_Iuliana_Lab1", "Cadar_Iuliana_Lab1.csproj", "{D8471069-1055-4788-BA1A-C46703FC28E9}"
EndProject
Global
	GlobalSection(SolutionConfigurationPlatforms) = preSolution
		Debug|Any CPU = Debug|Any CPU
		Release|Any CPU = Release|Any CPU
	EndGlobalSection
	GlobalSection(ProjectConfigurationPlatforms) = postSolution
		{D8471069-1055-4788-BA1A-C46703FC28E9}.Debug|Any CPU.ActiveCfg = Debug|Any CPU
		{D8471069-1055-4788-BA1A-C46703FC28E9}.Debug|Any CPU.Build.0 = Debug|Any CPU
		{D8471069-1055-4788-BA1A-C46703FC28E9}.Release|Any CPU.ActiveCfg = Release|Any CPU
		{D8471069-1055-4788-BA1A-C46703FC28E9}.Release|Any CPU.Build.0 = Release|Any CPU
	EndGlobalSection
	GlobalSection(SolutionProperties) = preSolution
		HideSolutionNode = FALSE
	EndGlobalSection
	GlobalSection(ExtensibilityGlobals) = postSolution
		SolutionGuid = {41FB26FD-657C-4C25-9BFF-E0E8E7773E6A}
	EndGlobalSection
EndGlobal
